// !$*UTF8*$!
{
	archiveVersion = 1;
	classes = {
	};
	objectVersion = 48;
	objects = {

/* Begin PBXBuildFile section */
		510163E82076ABA3008FC659 /* NoEventView.swift in Sources */ = {isa = PBXBuildFile; fileRef = 510163E72076ABA3008FC659 /* NoEventView.swift */; };
		513A2AEA2076A4A800501DC4 /* Event+CoreDataProperties.swift in Sources */ = {isa = PBXBuildFile; fileRef = 513A2AE92076A4A800501DC4 /* Event+CoreDataProperties.swift */; };
		514FD6DF2075FCA600066EA2 /* Organizer+CoreDataClass.swift in Sources */ = {isa = PBXBuildFile; fileRef = 514FD6DD2075FCA600066EA2 /* Organizer+CoreDataClass.swift */; };
		514FD6E520760C3900066EA2 /* Attendee+CoreDataProperties.swift in Sources */ = {isa = PBXBuildFile; fileRef = 514FD6E120760C3900066EA2 /* Attendee+CoreDataProperties.swift */; };
		514FD6E720760C3900066EA2 /* Location+CoreDataProperties.swift in Sources */ = {isa = PBXBuildFile; fileRef = 514FD6E320760C3900066EA2 /* Location+CoreDataProperties.swift */; };
		514FD6E820760C3900066EA2 /* Person+CoreDataProperties.swift in Sources */ = {isa = PBXBuildFile; fileRef = 514FD6E420760C3900066EA2 /* Person+CoreDataProperties.swift */; };
		51EC06D3206F710800DB5084 /* AppDelegate.swift in Sources */ = {isa = PBXBuildFile; fileRef = 51EC06D2206F710800DB5084 /* AppDelegate.swift */; };
		51EC06DB206F710800DB5084 /* OutlookCalendar.xcdatamodeld in Sources */ = {isa = PBXBuildFile; fileRef = 51EC06D9206F710800DB5084 /* OutlookCalendar.xcdatamodeld */; };
		51EC06DD206F710800DB5084 /* Assets.xcassets in Resources */ = {isa = PBXBuildFile; fileRef = 51EC06DC206F710800DB5084 /* Assets.xcassets */; };
		51EC06E0206F710800DB5084 /* LaunchScreen.storyboard in Resources */ = {isa = PBXBuildFile; fileRef = 51EC06DE206F710800DB5084 /* LaunchScreen.storyboard */; };
		51EC06EB206F710900DB5084 /* OutlookCalendarTests.swift in Sources */ = {isa = PBXBuildFile; fileRef = 51EC06EA206F710900DB5084 /* OutlookCalendarTests.swift */; };
		51EC06F6206F710900DB5084 /* OutlookCalendarUITests.swift in Sources */ = {isa = PBXBuildFile; fileRef = 51EC06F5206F710900DB5084 /* OutlookCalendarUITests.swift */; };
		51EC0709206F721200DB5084 /* CalendarViewCell.swift in Sources */ = {isa = PBXBuildFile; fileRef = 51EC0708206F721200DB5084 /* CalendarViewCell.swift */; };
		51EC070B206F722E00DB5084 /* CalendarCollectionViewController.swift in Sources */ = {isa = PBXBuildFile; fileRef = 51EC070A206F722E00DB5084 /* CalendarCollectionViewController.swift */; };
		51EC070E206F790200DB5084 /* UXUtil.swift in Sources */ = {isa = PBXBuildFile; fileRef = 51EC070D206F790200DB5084 /* UXUtil.swift */; };
		51EC07102070583600DB5084 /* AgendaTableViewController.swift in Sources */ = {isa = PBXBuildFile; fileRef = 51EC070F2070583600DB5084 /* AgendaTableViewController.swift */; };
		51EC07122070B6F100DB5084 /* SeparatorView.swift in Sources */ = {isa = PBXBuildFile; fileRef = 51EC07112070B6F100DB5084 /* SeparatorView.swift */; };
		51EC07142070B75A00DB5084 /* CustomFlowLayout.swift in Sources */ = {isa = PBXBuildFile; fileRef = 51EC07132070B75A00DB5084 /* CustomFlowLayout.swift */; };
		51EC07162070BDC400DB5084 /* WeekHeaderView.swift in Sources */ = {isa = PBXBuildFile; fileRef = 51EC07152070BDC400DB5084 /* WeekHeaderView.swift */; };
		51EC07182072082000DB5084 /* EventViewCell.swift in Sources */ = {isa = PBXBuildFile; fileRef = 51EC07172072082000DB5084 /* EventViewCell.swift */; };
		51EC071A2072107D00DB5084 /* OutlookCalendarViewController.swift in Sources */ = {isa = PBXBuildFile; fileRef = 51EC07192072107D00DB5084 /* OutlookCalendarViewController.swift */; };
		51EC071C20724AD000DB5084 /* MainViewController.swift in Sources */ = {isa = PBXBuildFile; fileRef = 51EC071B20724AD000DB5084 /* MainViewController.swift */; };
		51EC071E20735E6000DB5084 /* DateTimeUtil.swift in Sources */ = {isa = PBXBuildFile; fileRef = 51EC071D20735E6000DB5084 /* DateTimeUtil.swift */; };
		51EC073820758B4300DB5084 /* Location+CoreDataClass.swift in Sources */ = {isa = PBXBuildFile; fileRef = 51EC073620758B4300DB5084 /* Location+CoreDataClass.swift */; };
		51EC073C20758B6900DB5084 /* Person+CoreDataClass.swift in Sources */ = {isa = PBXBuildFile; fileRef = 51EC073A20758B6900DB5084 /* Person+CoreDataClass.swift */; };
		51EC074020758B8A00DB5084 /* Attendee+CoreDataClass.swift in Sources */ = {isa = PBXBuildFile; fileRef = 51EC073E20758B8A00DB5084 /* Attendee+CoreDataClass.swift */; };
		51EC074420758BA100DB5084 /* Event+CoreDataClass.swift in Sources */ = {isa = PBXBuildFile; fileRef = 51EC074220758BA100DB5084 /* Event+CoreDataClass.swift */; };
		51EC074B2075911D00DB5084 /* CoreDataStack.swift in Sources */ = {isa = PBXBuildFile; fileRef = 51EC074A2075911D00DB5084 /* CoreDataStack.swift */; };
		51EC074F2075C93300DB5084 /* JsonParser.swift in Sources */ = {isa = PBXBuildFile; fileRef = 51EC074E2075C93300DB5084 /* JsonParser.swift */; };
		51EC07592075EBBA00DB5084 /* ObjectStore.swift in Sources */ = {isa = PBXBuildFile; fileRef = 51EC07582075EBBA00DB5084 /* ObjectStore.swift */; };
/* End PBXBuildFile section */

/* Begin PBXContainerItemProxy section */
		51EC06E7206F710900DB5084 /* PBXContainerItemProxy */ = {
			isa = PBXContainerItemProxy;
			containerPortal = 51EC06C7206F710800DB5084 /* Project object */;
			proxyType = 1;
			remoteGlobalIDString = 51EC06CE206F710800DB5084;
			remoteInfo = OutlookCalendar;
		};
		51EC06F2206F710900DB5084 /* PBXContainerItemProxy */ = {
			isa = PBXContainerItemProxy;
			containerPortal = 51EC06C7206F710800DB5084 /* Project object */;
			proxyType = 1;
			remoteGlobalIDString = 51EC06CE206F710800DB5084;
			remoteInfo = OutlookCalendar;
		};
/* End PBXContainerItemProxy section */

/* Begin PBXFileReference section */
		510163E72076ABA3008FC659 /* NoEventView.swift */ = {isa = PBXFileReference; lastKnownFileType = sourcecode.swift; path = NoEventView.swift; sourceTree = "<group>"; };
		513A2AE92076A4A800501DC4 /* Event+CoreDataProperties.swift */ = {isa = PBXFileReference; lastKnownFileType = sourcecode.swift; path = "Event+CoreDataProperties.swift"; sourceTree = "<group>"; };
		514FD6DD2075FCA600066EA2 /* Organizer+CoreDataClass.swift */ = {isa = PBXFileReference; lastKnownFileType = sourcecode.swift; path = "Organizer+CoreDataClass.swift"; sourceTree = "<group>"; };
		514FD6E120760C3900066EA2 /* Attendee+CoreDataProperties.swift */ = {isa = PBXFileReference; lastKnownFileType = sourcecode.swift; path = "Attendee+CoreDataProperties.swift"; sourceTree = "<group>"; };
		514FD6E320760C3900066EA2 /* Location+CoreDataProperties.swift */ = {isa = PBXFileReference; lastKnownFileType = sourcecode.swift; path = "Location+CoreDataProperties.swift"; sourceTree = "<group>"; };
		514FD6E420760C3900066EA2 /* Person+CoreDataProperties.swift */ = {isa = PBXFileReference; lastKnownFileType = sourcecode.swift; path = "Person+CoreDataProperties.swift"; sourceTree = "<group>"; };
		51EC06CF206F710800DB5084 /* OutlookCalendar.app */ = {isa = PBXFileReference; explicitFileType = wrapper.application; includeInIndex = 0; path = OutlookCalendar.app; sourceTree = BUILT_PRODUCTS_DIR; };
		51EC06D2206F710800DB5084 /* AppDelegate.swift */ = {isa = PBXFileReference; lastKnownFileType = sourcecode.swift; path = AppDelegate.swift; sourceTree = "<group>"; };
		51EC06DA206F710800DB5084 /* OutlookCalendar.xcdatamodel */ = {isa = PBXFileReference; lastKnownFileType = wrapper.xcdatamodel; path = OutlookCalendar.xcdatamodel; sourceTree = "<group>"; };
		51EC06DC206F710800DB5084 /* Assets.xcassets */ = {isa = PBXFileReference; lastKnownFileType = folder.assetcatalog; path = Assets.xcassets; sourceTree = "<group>"; };
		51EC06DF206F710800DB5084 /* Base */ = {isa = PBXFileReference; lastKnownFileType = file.storyboard; name = Base; path = Base.lproj/LaunchScreen.storyboard; sourceTree = "<group>"; };
		51EC06E1206F710800DB5084 /* Info.plist */ = {isa = PBXFileReference; lastKnownFileType = text.plist.xml; path = Info.plist; sourceTree = "<group>"; };
		51EC06E6206F710900DB5084 /* OutlookCalendarTests.xctest */ = {isa = PBXFileReference; explicitFileType = wrapper.cfbundle; includeInIndex = 0; path = OutlookCalendarTests.xctest; sourceTree = BUILT_PRODUCTS_DIR; };
		51EC06EA206F710900DB5084 /* OutlookCalendarTests.swift */ = {isa = PBXFileReference; lastKnownFileType = sourcecode.swift; path = OutlookCalendarTests.swift; sourceTree = "<group>"; };
		51EC06EC206F710900DB5084 /* Info.plist */ = {isa = PBXFileReference; lastKnownFileType = text.plist.xml; path = Info.plist; sourceTree = "<group>"; };
		51EC06F1206F710900DB5084 /* OutlookCalendarUITests.xctest */ = {isa = PBXFileReference; explicitFileType = wrapper.cfbundle; includeInIndex = 0; path = OutlookCalendarUITests.xctest; sourceTree = BUILT_PRODUCTS_DIR; };
		51EC06F5206F710900DB5084 /* OutlookCalendarUITests.swift */ = {isa = PBXFileReference; lastKnownFileType = sourcecode.swift; path = OutlookCalendarUITests.swift; sourceTree = "<group>"; };
		51EC06F7206F710900DB5084 /* Info.plist */ = {isa = PBXFileReference; lastKnownFileType = text.plist.xml; path = Info.plist; sourceTree = "<group>"; };
		51EC0708206F721200DB5084 /* CalendarViewCell.swift */ = {isa = PBXFileReference; lastKnownFileType = sourcecode.swift; path = CalendarViewCell.swift; sourceTree = "<group>"; };
		51EC070A206F722E00DB5084 /* CalendarCollectionViewController.swift */ = {isa = PBXFileReference; lastKnownFileType = sourcecode.swift; path = CalendarCollectionViewController.swift; sourceTree = "<group>"; };
		51EC070D206F790200DB5084 /* UXUtil.swift */ = {isa = PBXFileReference; lastKnownFileType = sourcecode.swift; path = UXUtil.swift; sourceTree = "<group>"; };
		51EC070F2070583600DB5084 /* AgendaTableViewController.swift */ = {isa = PBXFileReference; lastKnownFileType = sourcecode.swift; path = AgendaTableViewController.swift; sourceTree = "<group>"; };
		51EC07112070B6F100DB5084 /* SeparatorView.swift */ = {isa = PBXFileReference; lastKnownFileType = sourcecode.swift; path = SeparatorView.swift; sourceTree = "<group>"; };
		51EC07132070B75A00DB5084 /* CustomFlowLayout.swift */ = {isa = PBXFileReference; lastKnownFileType = sourcecode.swift; path = CustomFlowLayout.swift; sourceTree = "<group>"; };
		51EC07152070BDC400DB5084 /* WeekHeaderView.swift */ = {isa = PBXFileReference; lastKnownFileType = sourcecode.swift; path = WeekHeaderView.swift; sourceTree = "<group>"; };
		51EC07172072082000DB5084 /* EventViewCell.swift */ = {isa = PBXFileReference; lastKnownFileType = sourcecode.swift; path = EventViewCell.swift; sourceTree = "<group>"; };
		51EC07192072107D00DB5084 /* OutlookCalendarViewController.swift */ = {isa = PBXFileReference; lastKnownFileType = sourcecode.swift; path = OutlookCalendarViewController.swift; sourceTree = "<group>"; };
		51EC071B20724AD000DB5084 /* MainViewController.swift */ = {isa = PBXFileReference; lastKnownFileType = sourcecode.swift; path = MainViewController.swift; sourceTree = "<group>"; };
		51EC071D20735E6000DB5084 /* DateTimeUtil.swift */ = {isa = PBXFileReference; lastKnownFileType = sourcecode.swift; path = DateTimeUtil.swift; sourceTree = "<group>"; };
		51EC073620758B4300DB5084 /* Location+CoreDataClass.swift */ = {isa = PBXFileReference; lastKnownFileType = sourcecode.swift; path = "Location+CoreDataClass.swift"; sourceTree = "<group>"; };
		51EC073A20758B6900DB5084 /* Person+CoreDataClass.swift */ = {isa = PBXFileReference; lastKnownFileType = sourcecode.swift; path = "Person+CoreDataClass.swift"; sourceTree = "<group>"; };
		51EC073E20758B8A00DB5084 /* Attendee+CoreDataClass.swift */ = {isa = PBXFileReference; lastKnownFileType = sourcecode.swift; path = "Attendee+CoreDataClass.swift"; sourceTree = "<group>"; };
		51EC074220758BA100DB5084 /* Event+CoreDataClass.swift */ = {isa = PBXFileReference; lastKnownFileType = sourcecode.swift; path = "Event+CoreDataClass.swift"; sourceTree = "<group>"; };
		51EC074A2075911D00DB5084 /* CoreDataStack.swift */ = {isa = PBXFileReference; lastKnownFileType = sourcecode.swift; path = CoreDataStack.swift; sourceTree = "<group>"; };
		51EC074E2075C93300DB5084 /* JsonParser.swift */ = {isa = PBXFileReference; lastKnownFileType = sourcecode.swift; path = JsonParser.swift; sourceTree = "<group>"; };
		51EC07582075EBBA00DB5084 /* ObjectStore.swift */ = {isa = PBXFileReference; lastKnownFileType = sourcecode.swift; path = ObjectStore.swift; sourceTree = "<group>"; };
/* End PBXFileReference section */

/* Begin PBXFrameworksBuildPhase section */
		51EC06CC206F710800DB5084 /* Frameworks */ = {
			isa = PBXFrameworksBuildPhase;
			buildActionMask = 2147483647;
			files = (
			);
			runOnlyForDeploymentPostprocessing = 0;
		};
		51EC06E3206F710900DB5084 /* Frameworks */ = {
			isa = PBXFrameworksBuildPhase;
			buildActionMask = 2147483647;
			files = (
			);
			runOnlyForDeploymentPostprocessing = 0;
		};
		51EC06EE206F710900DB5084 /* Frameworks */ = {
			isa = PBXFrameworksBuildPhase;
			buildActionMask = 2147483647;
			files = (
			);
			runOnlyForDeploymentPostprocessing = 0;
		};
/* End PBXFrameworksBuildPhase section */

/* Begin PBXGroup section */
		51EC06C6206F710800DB5084 = {
			isa = PBXGroup;
			children = (
				51EC06D1206F710800DB5084 /* OutlookCalendar */,
				51EC06E9206F710900DB5084 /* OutlookCalendarTests */,
				51EC06F4206F710900DB5084 /* OutlookCalendarUITests */,
				51EC06D0206F710800DB5084 /* Products */,
			);
			sourceTree = "<group>";
		};
		51EC06D0206F710800DB5084 /* Products */ = {
			isa = PBXGroup;
			children = (
				51EC06CF206F710800DB5084 /* OutlookCalendar.app */,
				51EC06E6206F710900DB5084 /* OutlookCalendarTests.xctest */,
				51EC06F1206F710900DB5084 /* OutlookCalendarUITests.xctest */,
			);
			name = Products;
			sourceTree = "<group>";
		};
		51EC06D1206F710800DB5084 /* OutlookCalendar */ = {
			isa = PBXGroup;
			children = (
				51EC0704206F71C900DB5084 /* private */,
				51EC06D2206F710800DB5084 /* AppDelegate.swift */,
				51EC06DC206F710800DB5084 /* Assets.xcassets */,
				51EC06DE206F710800DB5084 /* LaunchScreen.storyboard */,
				51EC06E1206F710800DB5084 /* Info.plist */,
				51EC06D9206F710800DB5084 /* OutlookCalendar.xcdatamodeld */,
			);
			path = OutlookCalendar;
			sourceTree = "<group>";
		};
		51EC06E9206F710900DB5084 /* OutlookCalendarTests */ = {
			isa = PBXGroup;
			children = (
				51EC06EA206F710900DB5084 /* OutlookCalendarTests.swift */,
				51EC06EC206F710900DB5084 /* Info.plist */,
			);
			path = OutlookCalendarTests;
			sourceTree = "<group>";
		};
		51EC06F4206F710900DB5084 /* OutlookCalendarUITests */ = {
			isa = PBXGroup;
			children = (
				51EC06F5206F710900DB5084 /* OutlookCalendarUITests.swift */,
				51EC06F7206F710900DB5084 /* Info.plist */,
			);
			path = OutlookCalendarUITests;
			sourceTree = "<group>";
		};
		51EC0704206F71C900DB5084 /* private */ = {
			isa = PBXGroup;
			children = (
				51EC0705206F71D100DB5084 /* source */,
			);
			path = private;
			sourceTree = "<group>";
		};
		51EC0705206F71D100DB5084 /* source */ = {
			isa = PBXGroup;
			children = (
				51EC071F20746DC100DB5084 /* model */,
				51EC070C206F78AF00DB5084 /* utils */,
				51EC0707206F71DD00DB5084 /* controllers */,
				51EC0706206F71D900DB5084 /* views */,
			);
			path = source;
			sourceTree = "<group>";
		};
		51EC0706206F71D900DB5084 /* views */ = {
			isa = PBXGroup;
			children = (
				51EC0708206F721200DB5084 /* CalendarViewCell.swift */,
				51EC07112070B6F100DB5084 /* SeparatorView.swift */,
				51EC07132070B75A00DB5084 /* CustomFlowLayout.swift */,
				51EC07152070BDC400DB5084 /* WeekHeaderView.swift */,
				51EC07172072082000DB5084 /* EventViewCell.swift */,
				510163E72076ABA3008FC659 /* NoEventView.swift */,
			);
			path = views;
			sourceTree = "<group>";
		};
		51EC0707206F71DD00DB5084 /* controllers */ = {
			isa = PBXGroup;
			children = (
				51EC070A206F722E00DB5084 /* CalendarCollectionViewController.swift */,
				51EC070F2070583600DB5084 /* AgendaTableViewController.swift */,
				51EC07192072107D00DB5084 /* OutlookCalendarViewController.swift */,
				51EC071B20724AD000DB5084 /* MainViewController.swift */,
			);
			path = controllers;
			sourceTree = "<group>";
		};
		51EC070C206F78AF00DB5084 /* utils */ = {
			isa = PBXGroup;
			children = (
				51EC070D206F790200DB5084 /* UXUtil.swift */,
				51EC071D20735E6000DB5084 /* DateTimeUtil.swift */,
			);
			path = utils;
			sourceTree = "<group>";
		};
		51EC071F20746DC100DB5084 /* model */ = {
			isa = PBXGroup;
			children = (
				513A2AE92076A4A800501DC4 /* Event+CoreDataProperties.swift */,
				514FD6E120760C3900066EA2 /* Attendee+CoreDataProperties.swift */,
				514FD6E320760C3900066EA2 /* Location+CoreDataProperties.swift */,
				514FD6E420760C3900066EA2 /* Person+CoreDataProperties.swift */,
				514FD6DD2075FCA600066EA2 /* Organizer+CoreDataClass.swift */,
				51EC074220758BA100DB5084 /* Event+CoreDataClass.swift */,
				51EC073E20758B8A00DB5084 /* Attendee+CoreDataClass.swift */,
				51EC073A20758B6900DB5084 /* Person+CoreDataClass.swift */,
				51EC073620758B4300DB5084 /* Location+CoreDataClass.swift */,
				51EC074A2075911D00DB5084 /* CoreDataStack.swift */,
				51EC074E2075C93300DB5084 /* JsonParser.swift */,
				51EC07582075EBBA00DB5084 /* ObjectStore.swift */,
			);
			path = model;
			sourceTree = "<group>";
		};
/* End PBXGroup section */

/* Begin PBXNativeTarget section */
		51EC06CE206F710800DB5084 /* OutlookCalendar */ = {
			isa = PBXNativeTarget;
			buildConfigurationList = 51EC06FA206F710900DB5084 /* Build configuration list for PBXNativeTarget "OutlookCalendar" */;
			buildPhases = (
				51EC06CB206F710800DB5084 /* Sources */,
				51EC06CC206F710800DB5084 /* Frameworks */,
				51EC06CD206F710800DB5084 /* Resources */,
			);
			buildRules = (
			);
			dependencies = (
			);
			name = OutlookCalendar;
			productName = OutlookCalendar;
			productReference = 51EC06CF206F710800DB5084 /* OutlookCalendar.app */;
			productType = "com.apple.product-type.application";
		};
		51EC06E5206F710900DB5084 /* OutlookCalendarTests */ = {
			isa = PBXNativeTarget;
			buildConfigurationList = 51EC06FD206F710900DB5084 /* Build configuration list for PBXNativeTarget "OutlookCalendarTests" */;
			buildPhases = (
				51EC06E2206F710900DB5084 /* Sources */,
				51EC06E3206F710900DB5084 /* Frameworks */,
				51EC06E4206F710900DB5084 /* Resources */,
			);
			buildRules = (
			);
			dependencies = (
				51EC06E8206F710900DB5084 /* PBXTargetDependency */,
			);
			name = OutlookCalendarTests;
			productName = OutlookCalendarTests;
			productReference = 51EC06E6206F710900DB5084 /* OutlookCalendarTests.xctest */;
			productType = "com.apple.product-type.bundle.unit-test";
		};
		51EC06F0206F710900DB5084 /* OutlookCalendarUITests */ = {
			isa = PBXNativeTarget;
			buildConfigurationList = 51EC0700206F710900DB5084 /* Build configuration list for PBXNativeTarget "OutlookCalendarUITests" */;
			buildPhases = (
				51EC06ED206F710900DB5084 /* Sources */,
				51EC06EE206F710900DB5084 /* Frameworks */,
				51EC06EF206F710900DB5084 /* Resources */,
			);
			buildRules = (
			);
			dependencies = (
				51EC06F3206F710900DB5084 /* PBXTargetDependency */,
			);
			name = OutlookCalendarUITests;
			productName = OutlookCalendarUITests;
			productReference = 51EC06F1206F710900DB5084 /* OutlookCalendarUITests.xctest */;
			productType = "com.apple.product-type.bundle.ui-testing";
		};
/* End PBXNativeTarget section */

/* Begin PBXProject section */
		51EC06C7206F710800DB5084 /* Project object */ = {
			isa = PBXProject;
			attributes = {
				LastSwiftUpdateCheck = 0920;
				LastUpgradeCheck = 0920;
				ORGANIZATIONNAME = Microsoft;
				TargetAttributes = {
					51EC06CE206F710800DB5084 = {
						CreatedOnToolsVersion = 9.2;
						ProvisioningStyle = Automatic;
					};
					51EC06E5206F710900DB5084 = {
						CreatedOnToolsVersion = 9.2;
						ProvisioningStyle = Automatic;
						TestTargetID = 51EC06CE206F710800DB5084;
					};
					51EC06F0206F710900DB5084 = {
						CreatedOnToolsVersion = 9.2;
						ProvisioningStyle = Automatic;
						TestTargetID = 51EC06CE206F710800DB5084;
					};
				};
			};
			buildConfigurationList = 51EC06CA206F710800DB5084 /* Build configuration list for PBXProject "OutlookCalendar" */;
			compatibilityVersion = "Xcode 8.0";
			developmentRegion = en;
			hasScannedForEncodings = 0;
			knownRegions = (
				en,
				Base,
			);
			mainGroup = 51EC06C6206F710800DB5084;
			productRefGroup = 51EC06D0206F710800DB5084 /* Products */;
			projectDirPath = "";
			projectRoot = "";
			targets = (
				51EC06CE206F710800DB5084 /* OutlookCalendar */,
				51EC06E5206F710900DB5084 /* OutlookCalendarTests */,
				51EC06F0206F710900DB5084 /* OutlookCalendarUITests */,
			);
		};
/* End PBXProject section */

/* Begin PBXResourcesBuildPhase section */
		51EC06CD206F710800DB5084 /* Resources */ = {
			isa = PBXResourcesBuildPhase;
			buildActionMask = 2147483647;
			files = (
				51EC06E0206F710800DB5084 /* LaunchScreen.storyboard in Resources */,
				51EC06DD206F710800DB5084 /* Assets.xcassets in Resources */,
			);
			runOnlyForDeploymentPostprocessing = 0;
		};
		51EC06E4206F710900DB5084 /* Resources */ = {
			isa = PBXResourcesBuildPhase;
			buildActionMask = 2147483647;
			files = (
			);
			runOnlyForDeploymentPostprocessing = 0;
		};
		51EC06EF206F710900DB5084 /* Resources */ = {
			isa = PBXResourcesBuildPhase;
			buildActionMask = 2147483647;
			files = (
			);
			runOnlyForDeploymentPostprocessing = 0;
		};
/* End PBXResourcesBuildPhase section */

/* Begin PBXSourcesBuildPhase section */
		51EC06CB206F710800DB5084 /* Sources */ = {
			isa = PBXSourcesBuildPhase;
			buildActionMask = 2147483647;
			files = (
				51EC074B2075911D00DB5084 /* CoreDataStack.swift in Sources */,
				51EC074420758BA100DB5084 /* Event+CoreDataClass.swift in Sources */,
				51EC06DB206F710800DB5084 /* OutlookCalendar.xcdatamodeld in Sources */,
				51EC074F2075C93300DB5084 /* JsonParser.swift in Sources */,
				51EC07162070BDC400DB5084 /* WeekHeaderView.swift in Sources */,
				513A2AEA2076A4A800501DC4 /* Event+CoreDataProperties.swift in Sources */,
				51EC07182072082000DB5084 /* EventViewCell.swift in Sources */,
				51EC073820758B4300DB5084 /* Location+CoreDataClass.swift in Sources */,
				51EC071C20724AD000DB5084 /* MainViewController.swift in Sources */,
				51EC071A2072107D00DB5084 /* OutlookCalendarViewController.swift in Sources */,
				510163E82076ABA3008FC659 /* NoEventView.swift in Sources */,
				514FD6E820760C3900066EA2 /* Person+CoreDataProperties.swift in Sources */,
				51EC07122070B6F100DB5084 /* SeparatorView.swift in Sources */,
				51EC07102070583600DB5084 /* AgendaTableViewController.swift in Sources */,
				514FD6DF2075FCA600066EA2 /* Organizer+CoreDataClass.swift in Sources */,
				514FD6E720760C3900066EA2 /* Location+CoreDataProperties.swift in Sources */,
				51EC071E20735E6000DB5084 /* DateTimeUtil.swift in Sources */,
				51EC070E206F790200DB5084 /* UXUtil.swift in Sources */,
				51EC070B206F722E00DB5084 /* CalendarCollectionViewController.swift in Sources */,
				51EC07592075EBBA00DB5084 /* ObjectStore.swift in Sources */,
				51EC074020758B8A00DB5084 /* Attendee+CoreDataClass.swift in Sources */,
				51EC0709206F721200DB5084 /* CalendarViewCell.swift in Sources */,
				51EC073C20758B6900DB5084 /* Person+CoreDataClass.swift in Sources */,
				51EC07142070B75A00DB5084 /* CustomFlowLayout.swift in Sources */,
				51EC06D3206F710800DB5084 /* AppDelegate.swift in Sources */,
				514FD6E520760C3900066EA2 /* Attendee+CoreDataProperties.swift in Sources */,
			);
			runOnlyForDeploymentPostprocessing = 0;
		};
		51EC06E2206F710900DB5084 /* Sources */ = {
			isa = PBXSourcesBuildPhase;
			buildActionMask = 2147483647;
			files = (
				51EC06EB206F710900DB5084 /* OutlookCalendarTests.swift in Sources */,
			);
			runOnlyForDeploymentPostprocessing = 0;
		};
		51EC06ED206F710900DB5084 /* Sources */ = {
			isa = PBXSourcesBuildPhase;
			buildActionMask = 2147483647;
			files = (
				51EC06F6206F710900DB5084 /* OutlookCalendarUITests.swift in Sources */,
			);
			runOnlyForDeploymentPostprocessing = 0;
		};
/* End PBXSourcesBuildPhase section */

/* Begin PBXTargetDependency section */
		51EC06E8206F710900DB5084 /* PBXTargetDependency */ = {
			isa = PBXTargetDependency;
			target = 51EC06CE206F710800DB5084 /* OutlookCalendar */;
			targetProxy = 51EC06E7206F710900DB5084 /* PBXContainerItemProxy */;
		};
		51EC06F3206F710900DB5084 /* PBXTargetDependency */ = {
			isa = PBXTargetDependency;
			target = 51EC06CE206F710800DB5084 /* OutlookCalendar */;
			targetProxy = 51EC06F2206F710900DB5084 /* PBXContainerItemProxy */;
		};
/* End PBXTargetDependency section */

/* Begin PBXVariantGroup section */
		51EC06DE206F710800DB5084 /* LaunchScreen.storyboard */ = {
			isa = PBXVariantGroup;
			children = (
				51EC06DF206F710800DB5084 /* Base */,
			);
			name = LaunchScreen.storyboard;
			sourceTree = "<group>";
		};
/* End PBXVariantGroup section */

/* Begin XCBuildConfiguration section */
		51EC06F8206F710900DB5084 /* Debug */ = {
			isa = XCBuildConfiguration;
			buildSettings = {
				ALWAYS_SEARCH_USER_PATHS = NO;
				CLANG_ANALYZER_NONNULL = YES;
				CLANG_ANALYZER_NUMBER_OBJECT_CONVERSION = YES_AGGRESSIVE;
				CLANG_CXX_LANGUAGE_STANDARD = "gnu++14";
				CLANG_CXX_LIBRARY = "libc++";
				CLANG_ENABLE_MODULES = YES;
				CLANG_ENABLE_OBJC_ARC = YES;
				CLANG_WARN_BLOCK_CAPTURE_AUTORELEASING = YES;
				CLANG_WARN_BOOL_CONVERSION = YES;
				CLANG_WARN_COMMA = YES;
				CLANG_WARN_CONSTANT_CONVERSION = YES;
				CLANG_WARN_DIRECT_OBJC_ISA_USAGE = YES_ERROR;
				CLANG_WARN_DOCUMENTATION_COMMENTS = YES;
				CLANG_WARN_EMPTY_BODY = YES;
				CLANG_WARN_ENUM_CONVERSION = YES;
				CLANG_WARN_INFINITE_RECURSION = YES;
				CLANG_WARN_INT_CONVERSION = YES;
				CLANG_WARN_NON_LITERAL_NULL_CONVERSION = YES;
				CLANG_WARN_OBJC_LITERAL_CONVERSION = YES;
				CLANG_WARN_OBJC_ROOT_CLASS = YES_ERROR;
				CLANG_WARN_RANGE_LOOP_ANALYSIS = YES;
				CLANG_WARN_STRICT_PROTOTYPES = YES;
				CLANG_WARN_SUSPICIOUS_MOVE = YES;
				CLANG_WARN_UNGUARDED_AVAILABILITY = YES_AGGRESSIVE;
				CLANG_WARN_UNREACHABLE_CODE = YES;
				CLANG_WARN__DUPLICATE_METHOD_MATCH = YES;
				CODE_SIGN_IDENTITY = "iPhone Developer";
				COPY_PHASE_STRIP = NO;
				DEBUG_INFORMATION_FORMAT = dwarf;
				ENABLE_STRICT_OBJC_MSGSEND = YES;
				ENABLE_TESTABILITY = YES;
				GCC_C_LANGUAGE_STANDARD = gnu11;
				GCC_DYNAMIC_NO_PIC = NO;
				GCC_NO_COMMON_BLOCKS = YES;
				GCC_OPTIMIZATION_LEVEL = 0;
				GCC_PREPROCESSOR_DEFINITIONS = (
					"DEBUG=1",
					"$(inherited)",
				);
				GCC_WARN_64_TO_32_BIT_CONVERSION = YES;
				GCC_WARN_ABOUT_RETURN_TYPE = YES_ERROR;
				GCC_WARN_UNDECLARED_SELECTOR = YES;
				GCC_WARN_UNINITIALIZED_AUTOS = YES_AGGRESSIVE;
				GCC_WARN_UNUSED_FUNCTION = YES;
				GCC_WARN_UNUSED_VARIABLE = YES;
				IPHONEOS_DEPLOYMENT_TARGET = 11.2;
				MTL_ENABLE_DEBUG_INFO = YES;
				ONLY_ACTIVE_ARCH = YES;
				SDKROOT = iphoneos;
				SWIFT_ACTIVE_COMPILATION_CONDITIONS = DEBUG;
				SWIFT_OPTIMIZATION_LEVEL = "-Onone";
			};
			name = Debug;
		};
		51EC06F9206F710900DB5084 /* Release */ = {
			isa = XCBuildConfiguration;
			buildSettings = {
				ALWAYS_SEARCH_USER_PATHS = NO;
				CLANG_ANALYZER_NONNULL = YES;
				CLANG_ANALYZER_NUMBER_OBJECT_CONVERSION = YES_AGGRESSIVE;
				CLANG_CXX_LANGUAGE_STANDARD = "gnu++14";
				CLANG_CXX_LIBRARY = "libc++";
				CLANG_ENABLE_MODULES = YES;
				CLANG_ENABLE_OBJC_ARC = YES;
				CLANG_WARN_BLOCK_CAPTURE_AUTORELEASING = YES;
				CLANG_WARN_BOOL_CONVERSION = YES;
				CLANG_WARN_COMMA = YES;
				CLANG_WARN_CONSTANT_CONVERSION = YES;
				CLANG_WARN_DIRECT_OBJC_ISA_USAGE = YES_ERROR;
				CLANG_WARN_DOCUMENTATION_COMMENTS = YES;
				CLANG_WARN_EMPTY_BODY = YES;
				CLANG_WARN_ENUM_CONVERSION = YES;
				CLANG_WARN_INFINITE_RECURSION = YES;
				CLANG_WARN_INT_CONVERSION = YES;
				CLANG_WARN_NON_LITERAL_NULL_CONVERSION = YES;
				CLANG_WARN_OBJC_LITERAL_CONVERSION = YES;
				CLANG_WARN_OBJC_ROOT_CLASS = YES_ERROR;
				CLANG_WARN_RANGE_LOOP_ANALYSIS = YES;
				CLANG_WARN_STRICT_PROTOTYPES = YES;
				CLANG_WARN_SUSPICIOUS_MOVE = YES;
				CLANG_WARN_UNGUARDED_AVAILABILITY = YES_AGGRESSIVE;
				CLANG_WARN_UNREACHABLE_CODE = YES;
				CLANG_WARN__DUPLICATE_METHOD_MATCH = YES;
				CODE_SIGN_IDENTITY = "iPhone Developer";
				COPY_PHASE_STRIP = NO;
				DEBUG_INFORMATION_FORMAT = "dwarf-with-dsym";
				ENABLE_NS_ASSERTIONS = NO;
				ENABLE_STRICT_OBJC_MSGSEND = YES;
				GCC_C_LANGUAGE_STANDARD = gnu11;
				GCC_NO_COMMON_BLOCKS = YES;
				GCC_WARN_64_TO_32_BIT_CONVERSION = YES;
				GCC_WARN_ABOUT_RETURN_TYPE = YES_ERROR;
				GCC_WARN_UNDECLARED_SELECTOR = YES;
				GCC_WARN_UNINITIALIZED_AUTOS = YES_AGGRESSIVE;
				GCC_WARN_UNUSED_FUNCTION = YES;
				GCC_WARN_UNUSED_VARIABLE = YES;
				IPHONEOS_DEPLOYMENT_TARGET = 11.2;
				MTL_ENABLE_DEBUG_INFO = NO;
				SDKROOT = iphoneos;
				SWIFT_OPTIMIZATION_LEVEL = "-Owholemodule";
				VALIDATE_PRODUCT = YES;
			};
			name = Release;
		};
		51EC06FB206F710900DB5084 /* Debug */ = {
			isa = XCBuildConfiguration;
			buildSettings = {
				ASSETCATALOG_COMPILER_APPICON_NAME = AppIcon;
				CODE_SIGN_STYLE = Automatic;
				DEVELOPMENT_TEAM = BGMRH5S4V2;
				INFOPLIST_FILE = OutlookCalendar/Info.plist;
				LD_RUNPATH_SEARCH_PATHS = "$(inherited) @executable_path/Frameworks";
				PRODUCT_BUNDLE_IDENTIFIER = com.microsoft.outlook.OutlookCalendar;
				PRODUCT_NAME = "$(TARGET_NAME)";
				SWIFT_VERSION = 4.0;
				TARGETED_DEVICE_FAMILY = "1,2";
			};
			name = Debug;
		};
		51EC06FC206F710900DB5084 /* Release */ = {
			isa = XCBuildConfiguration;
			buildSettings = {
				ASSETCATALOG_COMPILER_APPICON_NAME = AppIcon;
				CODE_SIGN_STYLE = Automatic;
				DEVELOPMENT_TEAM = BGMRH5S4V2;
				INFOPLIST_FILE = OutlookCalendar/Info.plist;
				LD_RUNPATH_SEARCH_PATHS = "$(inherited) @executable_path/Frameworks";
				PRODUCT_BUNDLE_IDENTIFIER = com.microsoft.outlook.OutlookCalendar;
				PRODUCT_NAME = "$(TARGET_NAME)";
				SWIFT_VERSION = 4.0;
				TARGETED_DEVICE_FAMILY = "1,2";
			};
			name = Release;
		};
		51EC06FE206F710900DB5084 /* Debug */ = {
			isa = XCBuildConfiguration;
			buildSettings = {
				ALWAYS_EMBED_SWIFT_STANDARD_LIBRARIES = YES;
				BUNDLE_LOADER = "$(TEST_HOST)";
				CODE_SIGN_STYLE = Automatic;
				DEVELOPMENT_TEAM = BGMRH5S4V2;
				INFOPLIST_FILE = OutlookCalendarTests/Info.plist;
				LD_RUNPATH_SEARCH_PATHS = "$(inherited) @executable_path/Frameworks @loader_path/Frameworks";
				PRODUCT_BUNDLE_IDENTIFIER = com.microsoft.outlook.OutlookCalendarTests;
				PRODUCT_NAME = "$(TARGET_NAME)";
				SWIFT_VERSION = 4.0;
				TARGETED_DEVICE_FAMILY = "1,2";
				TEST_HOST = "$(BUILT_PRODUCTS_DIR)/OutlookCalendar.app/OutlookCalendar";
			};
			name = Debug;
		};
		51EC06FF206F710900DB5084 /* Release */ = {
			isa = XCBuildConfiguration;
			buildSettings = {
				ALWAYS_EMBED_SWIFT_STANDARD_LIBRARIES = YES;
				BUNDLE_LOADER = "$(TEST_HOST)";
				CODE_SIGN_STYLE = Automatic;
				DEVELOPMENT_TEAM = BGMRH5S4V2;
				INFOPLIST_FILE = OutlookCalendarTests/Info.plist;
				LD_RUNPATH_SEARCH_PATHS = "$(inherited) @executable_path/Frameworks @loader_path/Frameworks";
				PRODUCT_BUNDLE_IDENTIFIER = com.microsoft.outlook.OutlookCalendarTests;
				PRODUCT_NAME = "$(TARGET_NAME)";
				SWIFT_VERSION = 4.0;
				TARGETED_DEVICE_FAMILY = "1,2";
				TEST_HOST = "$(BUILT_PRODUCTS_DIR)/OutlookCalendar.app/OutlookCalendar";
			};
			name = Release;
		};
		51EC0701206F710900DB5084 /* Debug */ = {
			isa = XCBuildConfiguration;
			buildSettings = {
				ALWAYS_EMBED_SWIFT_STANDARD_LIBRARIES = YES;
				CODE_SIGN_STYLE = Automatic;
				DEVELOPMENT_TEAM = BGMRH5S4V2;
				INFOPLIST_FILE = OutlookCalendarUITests/Info.plist;
				LD_RUNPATH_SEARCH_PATHS = "$(inherited) @executable_path/Frameworks @loader_path/Frameworks";
				PRODUCT_BUNDLE_IDENTIFIER = com.microsoft.outlook.OutlookCalendarUITests;
				PRODUCT_NAME = "$(TARGET_NAME)";
				SWIFT_VERSION = 4.0;
				TARGETED_DEVICE_FAMILY = "1,2";
				TEST_TARGET_NAME = OutlookCalendar;
			};
			name = Debug;
		};
		51EC0702206F710900DB5084 /* Release */ = {
			isa = XCBuildConfiguration;
			buildSettings = {
				ALWAYS_EMBED_SWIFT_STANDARD_LIBRARIES = YES;
				CODE_SIGN_STYLE = Automatic;
				DEVELOPMENT_TEAM = BGMRH5S4V2;
				INFOPLIST_FILE = OutlookCalendarUITests/Info.plist;
				LD_RUNPATH_SEARCH_PATHS = "$(inherited) @executable_path/Frameworks @loader_path/Frameworks";
				PRODUCT_BUNDLE_IDENTIFIER = com.microsoft.outlook.OutlookCalendarUITests;
				PRODUCT_NAME = "$(TARGET_NAME)";
				SWIFT_VERSION = 4.0;
				TARGETED_DEVICE_FAMILY = "1,2";
				TEST_TARGET_NAME = OutlookCalendar;
			};
			name = Release;
		};
/* End XCBuildConfiguration section */

/* Begin XCConfigurationList section */
		51EC06CA206F710800DB5084 /* Build configuration list for PBXProject "OutlookCalendar" */ = {
			isa = XCConfigurationList;
			buildConfigurations = (
				51EC06F8206F710900DB5084 /* Debug */,
				51EC06F9206F710900DB5084 /* Release */,
			);
			defaultConfigurationIsVisible = 0;
			defaultConfigurationName = Release;
		};
		51EC06FA206F710900DB5084 /* Build configuration list for PBXNativeTarget "OutlookCalendar" */ = {
			isa = XCConfigurationList;
			buildConfigurations = (
				51EC06FB206F710900DB5084 /* Debug */,
				51EC06FC206F710900DB5084 /* Release */,
			);
			defaultConfigurationIsVisible = 0;
			defaultConfigurationName = Release;
		};
		51EC06FD206F710900DB5084 /* Build configuration list for PBXNativeTarget "OutlookCalendarTests" */ = {
			isa = XCConfigurationList;
			buildConfigurations = (
				51EC06FE206F710900DB5084 /* Debug */,
				51EC06FF206F710900DB5084 /* Release */,
			);
			defaultConfigurationIsVisible = 0;
			defaultConfigurationName = Release;
		};
		51EC0700206F710900DB5084 /* Build configuration list for PBXNativeTarget "OutlookCalendarUITests" */ = {
			isa = XCConfigurationList;
			buildConfigurations = (
				51EC0701206F710900DB5084 /* Debug */,
				51EC0702206F710900DB5084 /* Release */,
			);
			defaultConfigurationIsVisible = 0;
			defaultConfigurationName = Release;
		};
/* End XCConfigurationList section */

/* Begin XCVersionGroup section */
		51EC06D9206F710800DB5084 /* OutlookCalendar.xcdatamodeld */ = {
			isa = XCVersionGroup;
			children = (
				51EC06DA206F710800DB5084 /* OutlookCalendar.xcdatamodel */,
			);
			currentVersion = 51EC06DA206F710800DB5084 /* OutlookCalendar.xcdatamodel */;
			path = OutlookCalendar.xcdatamodeld;
			sourceTree = "<group>";
			versionGroupType = wrapper.xcdatamodel;
		};
/* End XCVersionGroup section */
	};
	rootObject = 51EC06C7206F710800DB5084 /* Project object */;
}
